
Microsoft Visual Studio Solution File, Format Version 12.00
# Visual Studio 15
VisualStudioVersion = 15.0.28307.271
MinimumVisualStudioVersion = 10.0.40219.1
Project("{8BC9CEB8-8B4A-11D0-8D11-00A0C91BC942}") = "OpenCVUnity", "OpenCVUnity\OpenCVUnity.vcxproj", "{C2C2CA0A-38FC-4A05-97E3-D48E20734245}"
EndProject
Project("{8BC9CEB8-8B4A-11D0-8D11-00A0C91BC942}") = "OpenCVUnityTestBed", "OpenCVUnityTestBed\OpenCVUnityTestBed.vcxproj", "{3395C04C-ECFC-45E4-8279-085F5AC986E9}"
EndProject
Global
	GlobalSection(SolutionConfigurationPlatforms) = preSolution
		Debug|x64 = Debug|x64
		Debug|x86 = Debug|x86
		Release|x64 = Release|x64
		Release|x86 = Release|x86
	EndGlobalSection
	GlobalSection(ProjectConfigurationPlatforms) = postSolution
		{C2C2CA0A-38FC-4A05-97E3-D48E20734245}.Debug|x64.ActiveCfg = Debug|x64
		{C2C2CA0A-38FC-4A05-97E3-D48E20734245}.Debug|x64.Build.0 = Debug|x64
		{C2C2CA0A-38FC-4A05-97E3-D48E20734245}.Debug|x86.ActiveCfg = Debug|Win32
		{C2C2CA0A-38FC-4A05-97E3-D48E20734245}.Debug|x86.Build.0 = Debug|Win32
		{C2C2CA0A-38FC-4A05-97E3-D48E20734245}.Release|x64.ActiveCfg = Release|x64
		{C2C2CA0A-38FC-4A05-97E3-D48E20734245}.Release|x64.Build.0 = Release|x64
		{C2C2CA0A-38FC-4A05-97E3-D48E20734245}.Release|x86.ActiveCfg = Release|Win32
		{C2C2CA0A-38FC-4A05-97E3-D48E20734245}.Release|x86.Build.0 = Release|Win32
		{3395C04C-ECFC-45E4-8279-085F5AC986E9}.Debug|x64.ActiveCfg = Debug|x64
		{3395C04C-ECFC-45E4-8279-085F5AC986E9}.Debug|x64.Build.0 = Debug|x64
		{3395C04C-ECFC-45E4-8279-085F5AC986E9}.Debug|x86.ActiveCfg = Debug|Win32
		{3395C04C-ECFC-45E4-8279-085F5AC986E9}.Debug|x86.Build.0 = Debug|Win32
		{3395C04C-ECFC-45E4-8279-085F5AC986E9}.Release|x64.ActiveCfg = Release|x64
		{3395C04C-ECFC-45E4-8279-085F5AC986E9}.Release|x64.Build.0 = Release|x64
		{3395C04C-ECFC-45E4-8279-085F5AC986E9}.Release|x86.ActiveCfg = Release|Win32
		{3395C04C-ECFC-45E4-8279-085F5AC986E9}.Release|x86.Build.0 = Release|Win32
	EndGlobalSection
	GlobalSection(SolutionProperties) = preSolution
		HideSolutionNode = FALSE
	EndGlobalSection
	GlobalSection(ExtensibilityGlobals) = postSolution
		SolutionGuid = {482439E0-72FE-478E-AB25-612DA2E6AD58}
	EndGlobalSection
EndGlobal
